
Microsoft Visual Studio Solution File, Format Version 12.00
Project("{FAE04EC0-301F-11D3-BF4B-00C04F79EFBC}") = "DevQuestion.Domain", "src\DevQuestion.Domain\DevQuestion.Domain.csproj", "{2A6878E8-8F69-4DD0-B0E8-0EAFD05FE663}"
EndProject
Project("{2150E333-8FDC-42A3-9474-1A3956D46DE8}") = "src", "src", "{7F51831D-3AEC-45B1-9509-0AC52ECC10E8}"
EndProject
Global
	GlobalSection(SolutionConfigurationPlatforms) = preSolution
		Debug|Any CPU = Debug|Any CPU
		Release|Any CPU = Release|Any CPU
	EndGlobalSection
	GlobalSection(ProjectConfigurationPlatforms) = postSolution
		{2A6878E8-8F69-4DD0-B0E8-0EAFD05FE663}.Debug|Any CPU.ActiveCfg = Debug|Any CPU
		{2A6878E8-8F69-4DD0-B0E8-0EAFD05FE663}.Debug|Any CPU.Build.0 = Debug|Any CPU
		{2A6878E8-8F69-4DD0-B0E8-0EAFD05FE663}.Release|Any CPU.ActiveCfg = Release|Any CPU
		{2A6878E8-8F69-4DD0-B0E8-0EAFD05FE663}.Release|Any CPU.Build.0 = Release|Any CPU
	EndGlobalSection
	GlobalSection(NestedProjects) = preSolution
		{2A6878E8-8F69-4DD0-B0E8-0EAFD05FE663} = {7F51831D-3AEC-45B1-9509-0AC52ECC10E8}
	EndGlobalSection
EndGlobal
